
Microsoft Visual Studio Solution File, Format Version 12.00
# Visual Studio Version 17
VisualStudioVersion = 17.13.35931.197 d17.13
MinimumVisualStudioVersion = 10.0.40219.1
Project("{FAE04EC0-301F-11D3-BF4B-00C04F79EFBC}") = "CSharp - Day 3 - Composition And Inheritance", "CSharp - Day 3 - Composition And Inheritance.csproj", "{53B6BA90-FA74-4314-9CB0-7A85A9E01D59}"
EndProject
Global
	GlobalSection(SolutionConfigurationPlatforms) = preSolution
		Debug|Any CPU = Debug|Any CPU
		Release|Any CPU = Release|Any CPU
	EndGlobalSection
	GlobalSection(ProjectConfigurationPlatforms) = postSolution
		{53B6BA90-FA74-4314-9CB0-7A85A9E01D59}.Debug|Any CPU.ActiveCfg = Debug|Any CPU
		{53B6BA90-FA74-4314-9CB0-7A85A9E01D59}.Debug|Any CPU.Build.0 = Debug|Any CPU
		{53B6BA90-FA74-4314-9CB0-7A85A9E01D59}.Release|Any CPU.ActiveCfg = Release|Any CPU
		{53B6BA90-FA74-4314-9CB0-7A85A9E01D59}.Release|Any CPU.Build.0 = Release|Any CPU
	EndGlobalSection
	GlobalSection(SolutionProperties) = preSolution
		HideSolutionNode = FALSE
	EndGlobalSection
	GlobalSection(ExtensibilityGlobals) = postSolution
		SolutionGuid = {7B7DE63B-0755-4A0C-8299-29532E946F55}
	EndGlobalSection
EndGlobal
