
Microsoft Visual Studio Solution File, Format Version 12.00
# Visual Studio Version 17
VisualStudioVersion = 17.13.35931.197 d17.13
MinimumVisualStudioVersion = 10.0.40219.1
Project("{FAE04EC0-301F-11D3-BF4B-00C04F79EFBC}") = "csharp-oop-labsDay01-3dPointAndFraction", "csharp-oop-labsDay01-3dPointAndFraction.csproj", "{DECBB1CD-4F0A-4BA6-BA6A-D542E30BC978}"
EndProject
Global
	GlobalSection(SolutionConfigurationPlatforms) = preSolution
		Debug|Any CPU = Debug|Any CPU
		Release|Any CPU = Release|Any CPU
	EndGlobalSection
	GlobalSection(ProjectConfigurationPlatforms) = postSolution
		{DECBB1CD-4F0A-4BA6-BA6A-D542E30BC978}.Debug|Any CPU.ActiveCfg = Debug|Any CPU
		{DECBB1CD-4F0A-4BA6-BA6A-D542E30BC978}.Debug|Any CPU.Build.0 = Debug|Any CPU
		{DECBB1CD-4F0A-4BA6-BA6A-D542E30BC978}.Release|Any CPU.ActiveCfg = Release|Any CPU
		{DECBB1CD-4F0A-4BA6-BA6A-D542E30BC978}.Release|Any CPU.Build.0 = Release|Any CPU
	EndGlobalSection
	GlobalSection(SolutionProperties) = preSolution
		HideSolutionNode = FALSE
	EndGlobalSection
	GlobalSection(ExtensibilityGlobals) = postSolution
		SolutionGuid = {F8470C48-45A4-462C-8852-D608007E04E1}
	EndGlobalSection
EndGlobal
