
Microsoft Visual Studio Solution File, Format Version 12.00
# Visual Studio Version 17
VisualStudioVersion = 17.13.35931.197 d17.13
MinimumVisualStudioVersion = 10.0.40219.1
Project("{FAE04EC0-301F-11D3-BF4B-00C04F79EFBC}") = "CSharp - Day 4 - Polymorphism and Abstraction", "CSharp - Day 4 - Polymorphism and Abstraction.csproj", "{227C7DA9-6A09-42C2-9F1C-6ECEAD3136CA}"
EndProject
Global
	GlobalSection(SolutionConfigurationPlatforms) = preSolution
		Debug|Any CPU = Debug|Any CPU
		Release|Any CPU = Release|Any CPU
	EndGlobalSection
	GlobalSection(ProjectConfigurationPlatforms) = postSolution
		{227C7DA9-6A09-42C2-9F1C-6ECEAD3136CA}.Debug|Any CPU.ActiveCfg = Debug|Any CPU
		{227C7DA9-6A09-42C2-9F1C-6ECEAD3136CA}.Debug|Any CPU.Build.0 = Debug|Any CPU
		{227C7DA9-6A09-42C2-9F1C-6ECEAD3136CA}.Release|Any CPU.ActiveCfg = Release|Any CPU
		{227C7DA9-6A09-42C2-9F1C-6ECEAD3136CA}.Release|Any CPU.Build.0 = Release|Any CPU
	EndGlobalSection
	GlobalSection(SolutionProperties) = preSolution
		HideSolutionNode = FALSE
	EndGlobalSection
	GlobalSection(ExtensibilityGlobals) = postSolution
		SolutionGuid = {C356CAA2-844B-483B-87E2-0F5CA55ACCB3}
	EndGlobalSection
EndGlobal
